
Microsoft Visual Studio Solution File, Format Version 12.00
# Visual Studio 2012
Project("{FAE04EC0-301F-11D3-BF4B-00C04F79EFBC}") = "UI", "UI\UI.csproj", "{7A8A24F6-AC21-43F9-BAA6-E3E5C1B4708D}"
EndProject
Project("{FAE04EC0-301F-11D3-BF4B-00C04F79EFBC}") = "API", "API\API.csproj", "{3FE0B48B-7B7F-402C-B145-FED1D531BB75}"
EndProject
Global
	GlobalSection(SolutionConfigurationPlatforms) = preSolution
		Debug|Any CPU = Debug|Any CPU
		Release|Any CPU = Release|Any CPU
	EndGlobalSection
	GlobalSection(ProjectConfigurationPlatforms) = postSolution
		{3FE0B48B-7B7F-402C-B145-FED1D531BB75}.Debug|Any CPU.ActiveCfg = Debug|Any CPU
		{3FE0B48B-7B7F-402C-B145-FED1D531BB75}.Debug|Any CPU.Build.0 = Debug|Any CPU
		{3FE0B48B-7B7F-402C-B145-FED1D531BB75}.Release|Any CPU.ActiveCfg = Release|Any CPU
		{3FE0B48B-7B7F-402C-B145-FED1D531BB75}.Release|Any CPU.Build.0 = Release|Any CPU
		{7A8A24F6-AC21-43F9-BAA6-E3E5C1B4708D}.Debug|Any CPU.ActiveCfg = Debug|Any CPU
		{7A8A24F6-AC21-43F9-BAA6-E3E5C1B4708D}.Debug|Any CPU.Build.0 = Debug|Any CPU
		{7A8A24F6-AC21-43F9-BAA6-E3E5C1B4708D}.Release|Any CPU.ActiveCfg = Release|Any CPU
		{7A8A24F6-AC21-43F9-BAA6-E3E5C1B4708D}.Release|Any CPU.Build.0 = Release|Any CPU
	EndGlobalSection
	GlobalSection(MonoDevelopProperties) = preSolution
		StartupItem = UI\UI.csproj
	EndGlobalSection
EndGlobal
